// !$*UTF8*$!
{
	archiveVersion = 1;
	classes = {
	};
	objectVersion = 55;
	objects = {

/* Begin PBXBuildFile section */
		8E74815D2727EB7500B593FF /* AppDelegate.swift in Sources */ = {isa = PBXBuildFile; fileRef = 8E74815C2727EB7500B593FF /* AppDelegate.swift */; };
		8E74815F2727EB7500B593FF /* SceneDelegate.swift in Sources */ = {isa = PBXBuildFile; fileRef = 8E74815E2727EB7500B593FF /* SceneDelegate.swift */; };
		8E7481612727EB7500B593FF /* ViewController.swift in Sources */ = {isa = PBXBuildFile; fileRef = 8E7481602727EB7500B593FF /* ViewController.swift */; };
		8E7481642727EB7500B593FF /* Main.storyboard in Resources */ = {isa = PBXBuildFile; fileRef = 8E7481622727EB7500B593FF /* Main.storyboard */; };
		8E7481662727EB7700B593FF /* Assets.xcassets in Resources */ = {isa = PBXBuildFile; fileRef = 8E7481652727EB7700B593FF /* Assets.xcassets */; };
		8E7481692727EB7700B593FF /* LaunchScreen.storyboard in Resources */ = {isa = PBXBuildFile; fileRef = 8E7481672727EB7700B593FF /* LaunchScreen.storyboard */; };
		8E7481742727EB7800B593FF /* VideoComposition_AVTests.swift in Sources */ = {isa = PBXBuildFile; fileRef = 8E7481732727EB7800B593FF /* VideoComposition_AVTests.swift */; };
		8E74817E2727EB7800B593FF /* VideoComposition_AVUITests.swift in Sources */ = {isa = PBXBuildFile; fileRef = 8E74817D2727EB7800B593FF /* VideoComposition_AVUITests.swift */; };
		8E7481802727EB7800B593FF /* VideoComposition_AVUITestsLaunchTests.swift in Sources */ = {isa = PBXBuildFile; fileRef = 8E74817F2727EB7800B593FF /* VideoComposition_AVUITestsLaunchTests.swift */; };
		8E7481912727FEC900B593FF /* CMTimeTest.swift in Sources */ = {isa = PBXBuildFile; fileRef = 8E7481902727FEC900B593FF /* CMTimeTest.swift */; };
		8E748195272B9DB000B593FF /* video1.MP4 in Resources */ = {isa = PBXBuildFile; fileRef = 8E748193272B9DB000B593FF /* video1.MP4 */; };
		8E748196272B9DB000B593FF /* video2.MP4 in Resources */ = {isa = PBXBuildFile; fileRef = 8E748194272B9DB000B593FF /* video2.MP4 */; };
		8E748198272B9DEB00B593FF /* AVAssetTest.swift in Sources */ = {isa = PBXBuildFile; fileRef = 8E748197272B9DEB00B593FF /* AVAssetTest.swift */; };
		8E8620C32738C58C006BBA59 /* AVAssetTrackTest.swift in Sources */ = {isa = PBXBuildFile; fileRef = 8E8620C22738C58C006BBA59 /* AVAssetTrackTest.swift */; };
		8E8620C5273A47A8006BBA59 /* AVCompositionTest.swift in Sources */ = {isa = PBXBuildFile; fileRef = 8E8620C4273A47A8006BBA59 /* AVCompositionTest.swift */; };
		8E8620C7273BBD09006BBA59 /* VideoEditHelper.swift in Sources */ = {isa = PBXBuildFile; fileRef = 8E8620C6273BBD09006BBA59 /* VideoEditHelper.swift */; };
		8E8620C9273BC42E006BBA59 /* image1.png in Resources */ = {isa = PBXBuildFile; fileRef = 8E8620C8273BC42E006BBA59 /* image1.png */; };
		8E8620CB273BCD3C006BBA59 /* FileHelper.swift in Sources */ = {isa = PBXBuildFile; fileRef = 8E8620CA273BCD3C006BBA59 /* FileHelper.swift */; };
		8E8620D2273E10FB006BBA59 /* video3.mp4 in Resources */ = {isa = PBXBuildFile; fileRef = 8E8620D1273E10FA006BBA59 /* video3.mp4 */; };
/* End PBXBuildFile section */

/* Begin PBXContainerItemProxy section */
		8E7481702727EB7800B593FF /* PBXContainerItemProxy */ = {
			isa = PBXContainerItemProxy;
			containerPortal = 8E7481512727EB7500B593FF /* Project object */;
			proxyType = 1;
			remoteGlobalIDString = 8E7481582727EB7500B593FF;
			remoteInfo = "VideoComposition-AV";
		};
		8E74817A2727EB7800B593FF /* PBXContainerItemProxy */ = {
			isa = PBXContainerItemProxy;
			containerPortal = 8E7481512727EB7500B593FF /* Project object */;
			proxyType = 1;
			remoteGlobalIDString = 8E7481582727EB7500B593FF;
			remoteInfo = "VideoComposition-AV";
		};
/* End PBXContainerItemProxy section */

/* Begin PBXFileReference section */
		8E7481592727EB7500B593FF /* VideoComposition-AV.app */ = {isa = PBXFileReference; explicitFileType = wrapper.application; includeInIndex = 0; path = "VideoComposition-AV.app"; sourceTree = BUILT_PRODUCTS_DIR; };
		8E74815C2727EB7500B593FF /* AppDelegate.swift */ = {isa = PBXFileReference; lastKnownFileType = sourcecode.swift; path = AppDelegate.swift; sourceTree = "<group>"; };
		8E74815E2727EB7500B593FF /* SceneDelegate.swift */ = {isa = PBXFileReference; lastKnownFileType = sourcecode.swift; path = SceneDelegate.swift; sourceTree = "<group>"; };
		8E7481602727EB7500B593FF /* ViewController.swift */ = {isa = PBXFileReference; lastKnownFileType = sourcecode.swift; path = ViewController.swift; sourceTree = "<group>"; };
		8E7481632727EB7500B593FF /* Base */ = {isa = PBXFileReference; lastKnownFileType = file.storyboard; name = Base; path = Base.lproj/Main.storyboard; sourceTree = "<group>"; };
		8E7481652727EB7700B593FF /* Assets.xcassets */ = {isa = PBXFileReference; lastKnownFileType = folder.assetcatalog; path = Assets.xcassets; sourceTree = "<group>"; };
		8E7481682727EB7700B593FF /* Base */ = {isa = PBXFileReference; lastKnownFileType = file.storyboard; name = Base; path = Base.lproj/LaunchScreen.storyboard; sourceTree = "<group>"; };
		8E74816A2727EB7700B593FF /* Info.plist */ = {isa = PBXFileReference; lastKnownFileType = text.plist.xml; path = Info.plist; sourceTree = "<group>"; };
		8E74816F2727EB7800B593FF /* VideoComposition-AVTests.xctest */ = {isa = PBXFileReference; explicitFileType = wrapper.cfbundle; includeInIndex = 0; path = "VideoComposition-AVTests.xctest"; sourceTree = BUILT_PRODUCTS_DIR; };
		8E7481732727EB7800B593FF /* VideoComposition_AVTests.swift */ = {isa = PBXFileReference; lastKnownFileType = sourcecode.swift; path = VideoComposition_AVTests.swift; sourceTree = "<group>"; };
		8E7481792727EB7800B593FF /* VideoComposition-AVUITests.xctest */ = {isa = PBXFileReference; explicitFileType = wrapper.cfbundle; includeInIndex = 0; path = "VideoComposition-AVUITests.xctest"; sourceTree = BUILT_PRODUCTS_DIR; };
		8E74817D2727EB7800B593FF /* VideoComposition_AVUITests.swift */ = {isa = PBXFileReference; lastKnownFileType = sourcecode.swift; path = VideoComposition_AVUITests.swift; sourceTree = "<group>"; };
		8E74817F2727EB7800B593FF /* VideoComposition_AVUITestsLaunchTests.swift */ = {isa = PBXFileReference; lastKnownFileType = sourcecode.swift; path = VideoComposition_AVUITestsLaunchTests.swift; sourceTree = "<group>"; };
		8E7481902727FEC900B593FF /* CMTimeTest.swift */ = {isa = PBXFileReference; lastKnownFileType = sourcecode.swift; path = CMTimeTest.swift; sourceTree = "<group>"; };
		8E748193272B9DB000B593FF /* video1.MP4 */ = {isa = PBXFileReference; lastKnownFileType = file; path = video1.MP4; sourceTree = "<group>"; };
		8E748194272B9DB000B593FF /* video2.MP4 */ = {isa = PBXFileReference; lastKnownFileType = file; path = video2.MP4; sourceTree = "<group>"; };
		8E748197272B9DEB00B593FF /* AVAssetTest.swift */ = {isa = PBXFileReference; lastKnownFileType = sourcecode.swift; path = AVAssetTest.swift; sourceTree = "<group>"; };
		8E8620C22738C58C006BBA59 /* AVAssetTrackTest.swift */ = {isa = PBXFileReference; lastKnownFileType = sourcecode.swift; path = AVAssetTrackTest.swift; sourceTree = "<group>"; };
		8E8620C4273A47A8006BBA59 /* AVCompositionTest.swift */ = {isa = PBXFileReference; lastKnownFileType = sourcecode.swift; path = AVCompositionTest.swift; sourceTree = "<group>"; };
		8E8620C6273BBD09006BBA59 /* VideoEditHelper.swift */ = {isa = PBXFileReference; lastKnownFileType = sourcecode.swift; path = VideoEditHelper.swift; sourceTree = "<group>"; };
		8E8620C8273BC42E006BBA59 /* image1.png */ = {isa = PBXFileReference; lastKnownFileType = image.png; path = image1.png; sourceTree = "<group>"; };
		8E8620CA273BCD3C006BBA59 /* FileHelper.swift */ = {isa = PBXFileReference; lastKnownFileType = sourcecode.swift; path = FileHelper.swift; sourceTree = "<group>"; };
		8E8620CC273D148B006BBA59 /* VideoComposition-AV-Bridging-Header.h */ = {isa = PBXFileReference; lastKnownFileType = sourcecode.c.h; path = "VideoComposition-AV-Bridging-Header.h"; sourceTree = "<group>"; };
		8E8620D1273E10FA006BBA59 /* video3.mp4 */ = {isa = PBXFileReference; lastKnownFileType = file; path = video3.mp4; sourceTree = "<group>"; };
/* End PBXFileReference section */

/* Begin PBXFrameworksBuildPhase section */
		8E7481562727EB7500B593FF /* Frameworks */ = {
			isa = PBXFrameworksBuildPhase;
			buildActionMask = 2147483647;
			files = (
			);
			runOnlyForDeploymentPostprocessing = 0;
		};
		8E74816C2727EB7800B593FF /* Frameworks */ = {
			isa = PBXFrameworksBuildPhase;
			buildActionMask = 2147483647;
			files = (
			);
			runOnlyForDeploymentPostprocessing = 0;
		};
		8E7481762727EB7800B593FF /* Frameworks */ = {
			isa = PBXFrameworksBuildPhase;
			buildActionMask = 2147483647;
			files = (
			);
			runOnlyForDeploymentPostprocessing = 0;
		};
/* End PBXFrameworksBuildPhase section */

/* Begin PBXGroup section */
		8E7481502727EB7500B593FF = {
			isa = PBXGroup;
			children = (
				8E74815B2727EB7500B593FF /* VideoComposition-AV */,
				8E7481722727EB7800B593FF /* VideoComposition-AVTests */,
				8E74817C2727EB7800B593FF /* VideoComposition-AVUITests */,
				8E74815A2727EB7500B593FF /* Products */,
			);
			sourceTree = "<group>";
		};
		8E74815A2727EB7500B593FF /* Products */ = {
			isa = PBXGroup;
			children = (
				8E7481592727EB7500B593FF /* VideoComposition-AV.app */,
				8E74816F2727EB7800B593FF /* VideoComposition-AVTests.xctest */,
				8E7481792727EB7800B593FF /* VideoComposition-AVUITests.xctest */,
			);
			name = Products;
			sourceTree = "<group>";
		};
		8E74815B2727EB7500B593FF /* VideoComposition-AV */ = {
			isa = PBXGroup;
			children = (
				8E74815C2727EB7500B593FF /* AppDelegate.swift */,
				8E74815E2727EB7500B593FF /* SceneDelegate.swift */,
				8E7481602727EB7500B593FF /* ViewController.swift */,
				8E7481622727EB7500B593FF /* Main.storyboard */,
				8E7481652727EB7700B593FF /* Assets.xcassets */,
				8E7481672727EB7700B593FF /* LaunchScreen.storyboard */,
				8E74816A2727EB7700B593FF /* Info.plist */,
				8E7481902727FEC900B593FF /* CMTimeTest.swift */,
				8E748197272B9DEB00B593FF /* AVAssetTest.swift */,
				8E8620C22738C58C006BBA59 /* AVAssetTrackTest.swift */,
				8E8620C4273A47A8006BBA59 /* AVCompositionTest.swift */,
				8E8620C6273BBD09006BBA59 /* VideoEditHelper.swift */,
				8E8620CA273BCD3C006BBA59 /* FileHelper.swift */,
				8E748192272B9D4600B593FF /* source */,
				8E8620CC273D148B006BBA59 /* VideoComposition-AV-Bridging-Header.h */,
			);
			path = "VideoComposition-AV";
			sourceTree = "<group>";
		};
		8E7481722727EB7800B593FF /* VideoComposition-AVTests */ = {
			isa = PBXGroup;
			children = (
				8E7481732727EB7800B593FF /* VideoComposition_AVTests.swift */,
			);
			path = "VideoComposition-AVTests";
			sourceTree = "<group>";
		};
		8E74817C2727EB7800B593FF /* VideoComposition-AVUITests */ = {
			isa = PBXGroup;
			children = (
				8E74817D2727EB7800B593FF /* VideoComposition_AVUITests.swift */,
				8E74817F2727EB7800B593FF /* VideoComposition_AVUITestsLaunchTests.swift */,
			);
			path = "VideoComposition-AVUITests";
			sourceTree = "<group>";
		};
		8E748192272B9D4600B593FF /* source */ = {
			isa = PBXGroup;
			children = (
				8E748193272B9DB000B593FF /* video1.MP4 */,
				8E748194272B9DB000B593FF /* video2.MP4 */,
				8E8620D1273E10FA006BBA59 /* video3.mp4 */,
				8E8620C8273BC42E006BBA59 /* image1.png */,
			);
			path = source;
			sourceTree = "<group>";
		};
/* End PBXGroup section */

/* Begin PBXNativeTarget section */
		8E7481582727EB7500B593FF /* VideoComposition-AV */ = {
			isa = PBXNativeTarget;
			buildConfigurationList = 8E7481832727EB7800B593FF /* Build configuration list for PBXNativeTarget "VideoComposition-AV" */;
			buildPhases = (
				8E7481552727EB7500B593FF /* Sources */,
				8E7481562727EB7500B593FF /* Frameworks */,
				8E7481572727EB7500B593FF /* Resources */,
			);
			buildRules = (
			);
			dependencies = (
			);
			name = "VideoComposition-AV";
			productName = "VideoComposition-AV";
			productReference = 8E7481592727EB7500B593FF /* VideoComposition-AV.app */;
			productType = "com.apple.product-type.application";
		};
		8E74816E2727EB7800B593FF /* VideoComposition-AVTests */ = {
			isa = PBXNativeTarget;
			buildConfigurationList = 8E7481862727EB7800B593FF /* Build configuration list for PBXNativeTarget "VideoComposition-AVTests" */;
			buildPhases = (
				8E74816B2727EB7800B593FF /* Sources */,
				8E74816C2727EB7800B593FF /* Frameworks */,
				8E74816D2727EB7800B593FF /* Resources */,
			);
			buildRules = (
			);
			dependencies = (
				8E7481712727EB7800B593FF /* PBXTargetDependency */,
			);
			name = "VideoComposition-AVTests";
			productName = "VideoComposition-AVTests";
			productReference = 8E74816F2727EB7800B593FF /* VideoComposition-AVTests.xctest */;
			productType = "com.apple.product-type.bundle.unit-test";
		};
		8E7481782727EB7800B593FF /* VideoComposition-AVUITests */ = {
			isa = PBXNativeTarget;
			buildConfigurationList = 8E7481892727EB7800B593FF /* Build configuration list for PBXNativeTarget "VideoComposition-AVUITests" */;
			buildPhases = (
				8E7481752727EB7800B593FF /* Sources */,
				8E7481762727EB7800B593FF /* Frameworks */,
				8E7481772727EB7800B593FF /* Resources */,
			);
			buildRules = (
			);
			dependencies = (
				8E74817B2727EB7800B593FF /* PBXTargetDependency */,
			);
			name = "VideoComposition-AVUITests";
			productName = "VideoComposition-AVUITests";
			productReference = 8E7481792727EB7800B593FF /* VideoComposition-AVUITests.xctest */;
			productType = "com.apple.product-type.bundle.ui-testing";
		};
/* End PBXNativeTarget section */

/* Begin PBXProject section */
		8E7481512727EB7500B593FF /* Project object */ = {
			isa = PBXProject;
			attributes = {
				BuildIndependentTargetsInParallel = 1;
				LastSwiftUpdateCheck = 1300;
				LastUpgradeCheck = 1300;
				ORGANIZATIONNAME = "";
				TargetAttributes = {
					8E7481582727EB7500B593FF = {
						CreatedOnToolsVersion = 13.0;
						LastSwiftMigration = 1300;
					};
					8E74816E2727EB7800B593FF = {
						CreatedOnToolsVersion = 13.0;
						TestTargetID = 8E7481582727EB7500B593FF;
					};
					8E7481782727EB7800B593FF = {
						CreatedOnToolsVersion = 13.0;
						TestTargetID = 8E7481582727EB7500B593FF;
					};
				};
			};
			buildConfigurationList = 8E7481542727EB7500B593FF /* Build configuration list for PBXProject "VideoComposition-AV" */;
			compatibilityVersion = "Xcode 13.0";
			developmentRegion = en;
			hasScannedForEncodings = 0;
			knownRegions = (
				en,
				Base,
			);
			mainGroup = 8E7481502727EB7500B593FF;
			productRefGroup = 8E74815A2727EB7500B593FF /* Products */;
			projectDirPath = "";
			projectRoot = "";
			targets = (
				8E7481582727EB7500B593FF /* VideoComposition-AV */,
				8E74816E2727EB7800B593FF /* VideoComposition-AVTests */,
				8E7481782727EB7800B593FF /* VideoComposition-AVUITests */,
			);
		};
/* End PBXProject section */

/* Begin PBXResourcesBuildPhase section */
		8E7481572727EB7500B593FF /* Resources */ = {
			isa = PBXResourcesBuildPhase;
			buildActionMask = 2147483647;
			files = (
				8E7481692727EB7700B593FF /* LaunchScreen.storyboard in Resources */,
				8E748195272B9DB000B593FF /* video1.MP4 in Resources */,
				8E7481662727EB7700B593FF /* Assets.xcassets in Resources */,
				8E8620C9273BC42E006BBA59 /* image1.png in Resources */,
				8E748196272B9DB000B593FF /* video2.MP4 in Resources */,
				8E7481642727EB7500B593FF /* Main.storyboard in Resources */,
				8E8620D2273E10FB006BBA59 /* video3.mp4 in Resources */,
			);
			runOnlyForDeploymentPostprocessing = 0;
		};
		8E74816D2727EB7800B593FF /* Resources */ = {
			isa = PBXResourcesBuildPhase;
			buildActionMask = 2147483647;
			files = (
			);
			runOnlyForDeploymentPostprocessing = 0;
		};
		8E7481772727EB7800B593FF /* Resources */ = {
			isa = PBXResourcesBuildPhase;
			buildActionMask = 2147483647;
			files = (
			);
			runOnlyForDeploymentPostprocessing = 0;
		};
/* End PBXResourcesBuildPhase section */

/* Begin PBXSourcesBuildPhase section */
		8E7481552727EB7500B593FF /* Sources */ = {
			isa = PBXSourcesBuildPhase;
			buildActionMask = 2147483647;
			files = (
				8E7481612727EB7500B593FF /* ViewController.swift in Sources */,
				8E8620C32738C58C006BBA59 /* AVAssetTrackTest.swift in Sources */,
				8E8620CB273BCD3C006BBA59 /* FileHelper.swift in Sources */,
				8E74815D2727EB7500B593FF /* AppDelegate.swift in Sources */,
				8E7481912727FEC900B593FF /* CMTimeTest.swift in Sources */,
				8E748198272B9DEB00B593FF /* AVAssetTest.swift in Sources */,
				8E8620C7273BBD09006BBA59 /* VideoEditHelper.swift in Sources */,
				8E74815F2727EB7500B593FF /* SceneDelegate.swift in Sources */,
				8E8620C5273A47A8006BBA59 /* AVCompositionTest.swift in Sources */,
			);
			runOnlyForDeploymentPostprocessing = 0;
		};
		8E74816B2727EB7800B593FF /* Sources */ = {
			isa = PBXSourcesBuildPhase;
			buildActionMask = 2147483647;
			files = (
				8E7481742727EB7800B593FF /* VideoComposition_AVTests.swift in Sources */,
			);
			runOnlyForDeploymentPostprocessing = 0;
		};
		8E7481752727EB7800B593FF /* Sources */ = {
			isa = PBXSourcesBuildPhase;
			buildActionMask = 2147483647;
			files = (
				8E7481802727EB7800B593FF /* VideoComposition_AVUITestsLaunchTests.swift in Sources */,
				8E74817E2727EB7800B593FF /* VideoComposition_AVUITests.swift in Sources */,
			);
			runOnlyForDeploymentPostprocessing = 0;
		};
/* End PBXSourcesBuildPhase section */

/* Begin PBXTargetDependency section */
		8E7481712727EB7800B593FF /* PBXTargetDependency */ = {
			isa = PBXTargetDependency;
			target = 8E7481582727EB7500B593FF /* VideoComposition-AV */;
			targetProxy = 8E7481702727EB7800B593FF /* PBXContainerItemProxy */;
		};
		8E74817B2727EB7800B593FF /* PBXTargetDependency */ = {
			isa = PBXTargetDependency;
			target = 8E7481582727EB7500B593FF /* VideoComposition-AV */;
			targetProxy = 8E74817A2727EB7800B593FF /* PBXContainerItemProxy */;
		};
/* End PBXTargetDependency section */

/* Begin PBXVariantGroup section */
		8E7481622727EB7500B593FF /* Main.storyboard */ = {
			isa = PBXVariantGroup;
			children = (
				8E7481632727EB7500B593FF /* Base */,
			);
			name = Main.storyboard;
			sourceTree = "<group>";
		};
		8E7481672727EB7700B593FF /* LaunchScreen.storyboard */ = {
			isa = PBXVariantGroup;
			children = (
				8E7481682727EB7700B593FF /* Base */,
			);
			name = LaunchScreen.storyboard;
			sourceTree = "<group>";
		};
/* End PBXVariantGroup section */

/* Begin XCBuildConfiguration section */
		8E7481812727EB7800B593FF /* Debug */ = {
			isa = XCBuildConfiguration;
			buildSettings = {
				ALWAYS_SEARCH_USER_PATHS = NO;
				CLANG_ANALYZER_NONNULL = YES;
				CLANG_ANALYZER_NUMBER_OBJECT_CONVERSION = YES_AGGRESSIVE;
				CLANG_CXX_LANGUAGE_STANDARD = "gnu++17";
				CLANG_CXX_LIBRARY = "libc++";
				CLANG_ENABLE_MODULES = YES;
				CLANG_ENABLE_OBJC_ARC = YES;
				CLANG_ENABLE_OBJC_WEAK = YES;
				CLANG_WARN_BLOCK_CAPTURE_AUTORELEASING = YES;
				CLANG_WARN_BOOL_CONVERSION = YES;
				CLANG_WARN_COMMA = YES;
				CLANG_WARN_CONSTANT_CONVERSION = YES;
				CLANG_WARN_DEPRECATED_OBJC_IMPLEMENTATIONS = YES;
				CLANG_WARN_DIRECT_OBJC_ISA_USAGE = YES_ERROR;
				CLANG_WARN_DOCUMENTATION_COMMENTS = YES;
				CLANG_WARN_EMPTY_BODY = YES;
				CLANG_WARN_ENUM_CONVERSION = YES;
				CLANG_WARN_INFINITE_RECURSION = YES;
				CLANG_WARN_INT_CONVERSION = YES;
				CLANG_WARN_NON_LITERAL_NULL_CONVERSION = YES;
				CLANG_WARN_OBJC_IMPLICIT_RETAIN_SELF = YES;
				CLANG_WARN_OBJC_LITERAL_CONVERSION = YES;
				CLANG_WARN_OBJC_ROOT_CLASS = YES_ERROR;
				CLANG_WARN_QUOTED_INCLUDE_IN_FRAMEWORK_HEADER = YES;
				CLANG_WARN_RANGE_LOOP_ANALYSIS = YES;
				CLANG_WARN_STRICT_PROTOTYPES = YES;
				CLANG_WARN_SUSPICIOUS_MOVE = YES;
				CLANG_WARN_UNGUARDED_AVAILABILITY = YES_AGGRESSIVE;
				CLANG_WARN_UNREACHABLE_CODE = YES;
				CLANG_WARN__DUPLICATE_METHOD_MATCH = YES;
				COPY_PHASE_STRIP = NO;
				DEBUG_INFORMATION_FORMAT = dwarf;
				ENABLE_STRICT_OBJC_MSGSEND = YES;
				ENABLE_TESTABILITY = YES;
				GCC_C_LANGUAGE_STANDARD = gnu11;
				GCC_DYNAMIC_NO_PIC = NO;
				GCC_NO_COMMON_BLOCKS = YES;
				GCC_OPTIMIZATION_LEVEL = 0;
				GCC_PREPROCESSOR_DEFINITIONS = (
					"DEBUG=1",
					"$(inherited)",
				);
				GCC_WARN_64_TO_32_BIT_CONVERSION = YES;
				GCC_WARN_ABOUT_RETURN_TYPE = YES_ERROR;
				GCC_WARN_UNDECLARED_SELECTOR = YES;
				GCC_WARN_UNINITIALIZED_AUTOS = YES_AGGRESSIVE;
				GCC_WARN_UNUSED_FUNCTION = YES;
				GCC_WARN_UNUSED_VARIABLE = YES;
				IPHONEOS_DEPLOYMENT_TARGET = 15.0;
				MTL_ENABLE_DEBUG_INFO = INCLUDE_SOURCE;
				MTL_FAST_MATH = YES;
				ONLY_ACTIVE_ARCH = YES;
				SDKROOT = iphoneos;
				SWIFT_ACTIVE_COMPILATION_CONDITIONS = DEBUG;
				SWIFT_OPTIMIZATION_LEVEL = "-Onone";
			};
			name = Debug;
		};
		8E7481822727EB7800B593FF /* Release */ = {
			isa = XCBuildConfiguration;
			buildSettings = {
				ALWAYS_SEARCH_USER_PATHS = NO;
				CLANG_ANALYZER_NONNULL = YES;
				CLANG_ANALYZER_NUMBER_OBJECT_CONVERSION = YES_AGGRESSIVE;
				CLANG_CXX_LANGUAGE_STANDARD = "gnu++17";
				CLANG_CXX_LIBRARY = "libc++";
				CLANG_ENABLE_MODULES = YES;
				CLANG_ENABLE_OBJC_ARC = YES;
				CLANG_ENABLE_OBJC_WEAK = YES;
				CLANG_WARN_BLOCK_CAPTURE_AUTORELEASING = YES;
				CLANG_WARN_BOOL_CONVERSION = YES;
				CLANG_WARN_COMMA = YES;
				CLANG_WARN_CONSTANT_CONVERSION = YES;
				CLANG_WARN_DEPRECATED_OBJC_IMPLEMENTATIONS = YES;
				CLANG_WARN_DIRECT_OBJC_ISA_USAGE = YES_ERROR;
				CLANG_WARN_DOCUMENTATION_COMMENTS = YES;
				CLANG_WARN_EMPTY_BODY = YES;
				CLANG_WARN_ENUM_CONVERSION = YES;
				CLANG_WARN_INFINITE_RECURSION = YES;
				CLANG_WARN_INT_CONVERSION = YES;
				CLANG_WARN_NON_LITERAL_NULL_CONVERSION = YES;
				CLANG_WARN_OBJC_IMPLICIT_RETAIN_SELF = YES;
				CLANG_WARN_OBJC_LITERAL_CONVERSION = YES;
				CLANG_WARN_OBJC_ROOT_CLASS = YES_ERROR;
				CLANG_WARN_QUOTED_INCLUDE_IN_FRAMEWORK_HEADER = YES;
				CLANG_WARN_RANGE_LOOP_ANALYSIS = YES;
				CLANG_WARN_STRICT_PROTOTYPES = YES;
				CLANG_WARN_SUSPICIOUS_MOVE = YES;
				CLANG_WARN_UNGUARDED_AVAILABILITY = YES_AGGRESSIVE;
				CLANG_WARN_UNREACHABLE_CODE = YES;
				CLANG_WARN__DUPLICATE_METHOD_MATCH = YES;
				COPY_PHASE_STRIP = NO;
				DEBUG_INFORMATION_FORMAT = "dwarf-with-dsym";
				ENABLE_NS_ASSERTIONS = NO;
				ENABLE_STRICT_OBJC_MSGSEND = YES;
				GCC_C_LANGUAGE_STANDARD = gnu11;
				GCC_NO_COMMON_BLOCKS = YES;
				GCC_WARN_64_TO_32_BIT_CONVERSION = YES;
				GCC_WARN_ABOUT_RETURN_TYPE = YES_ERROR;
				GCC_WARN_UNDECLARED_SELECTOR = YES;
				GCC_WARN_UNINITIALIZED_AUTOS = YES_AGGRESSIVE;
				GCC_WARN_UNUSED_FUNCTION = YES;
				GCC_WARN_UNUSED_VARIABLE = YES;
				IPHONEOS_DEPLOYMENT_TARGET = 15.0;
				MTL_ENABLE_DEBUG_INFO = NO;
				MTL_FAST_MATH = YES;
				SDKROOT = iphoneos;
				SWIFT_COMPILATION_MODE = wholemodule;
				SWIFT_OPTIMIZATION_LEVEL = "-O";
				VALIDATE_PRODUCT = YES;
			};
			name = Release;
		};
		8E7481842727EB7800B593FF /* Debug */ = {
			isa = XCBuildConfiguration;
			buildSettings = {
				ASSETCATALOG_COMPILER_APPICON_NAME = AppIcon;
				ASSETCATALOG_COMPILER_GLOBAL_ACCENT_COLOR_NAME = AccentColor;
				CLANG_ENABLE_MODULES = YES;
				CODE_SIGN_STYLE = Automatic;
				CURRENT_PROJECT_VERSION = 1;
				DEVELOPMENT_TEAM = R45LY736NP;
				GENERATE_INFOPLIST_FILE = YES;
				INFOPLIST_FILE = "VideoComposition-AV/Info.plist";
				INFOPLIST_KEY_NSPhotoLibraryAddUsageDescription = "save video";
				INFOPLIST_KEY_UIApplicationSupportsIndirectInputEvents = YES;
				INFOPLIST_KEY_UILaunchStoryboardName = LaunchScreen;
				INFOPLIST_KEY_UIMainStoryboardFile = Main;
				INFOPLIST_KEY_UISupportedInterfaceOrientations_iPad = "UIInterfaceOrientationPortrait UIInterfaceOrientationPortraitUpsideDown UIInterfaceOrientationLandscapeLeft UIInterfaceOrientationLandscapeRight";
				INFOPLIST_KEY_UISupportedInterfaceOrientations_iPhone = "UIInterfaceOrientationPortrait UIInterfaceOrientationLandscapeLeft UIInterfaceOrientationLandscapeRight";
				LD_RUNPATH_SEARCH_PATHS = (
					"$(inherited)",
					"@executable_path/Frameworks",
				);
				MARKETING_VERSION = 1.0;
				PRODUCT_BUNDLE_IDENTIFIER = "fxr.VideoComposition-AV";
				PRODUCT_NAME = "$(TARGET_NAME)";
				SWIFT_EMIT_LOC_STRINGS = YES;
				SWIFT_OBJC_BRIDGING_HEADER = "VideoComposition-AV/VideoComposition-AV-Bridging-Header.h";
				SWIFT_OPTIMIZATION_LEVEL = "-Onone";
				SWIFT_VERSION = 5.0;
				TARGETED_DEVICE_FAMILY = "1,2";
			};
			name = Debug;
		};
		8E7481852727EB7800B593FF /* Release */ = {
			isa = XCBuildConfiguration;
			buildSettings = {
				ASSETCATALOG_COMPILER_APPICON_NAME = AppIcon;
				ASSETCATALOG_COMPILER_GLOBAL_ACCENT_COLOR_NAME = AccentColor;
				CLANG_ENABLE_MODULES = YES;
				CODE_SIGN_STYLE = Automatic;
				CURRENT_PROJECT_VERSION = 1;
				DEVELOPMENT_TEAM = R45LY736NP;
				GENERATE_INFOPLIST_FILE = YES;
				INFOPLIST_FILE = "VideoComposition-AV/Info.plist";
				INFOPLIST_KEY_NSPhotoLibraryAddUsageDescription = "save video";
				INFOPLIST_KEY_UIApplicationSupportsIndirectInputEvents = YES;
				INFOPLIST_KEY_UILaunchStoryboardName = LaunchScreen;
				INFOPLIST_KEY_UIMainStoryboardFile = Main;
				INFOPLIST_KEY_UISupportedInterfaceOrientations_iPad = "UIInterfaceOrientationPortrait UIInterfaceOrientationPortraitUpsideDown UIInterfaceOrientationLandscapeLeft UIInterfaceOrientationLandscapeRight";
				INFOPLIST_KEY_UISupportedInterfaceOrientations_iPhone = "UIInterfaceOrientationPortrait UIInterfaceOrientationLandscapeLeft UIInterfaceOrientationLandscapeRight";
				LD_RUNPATH_SEARCH_PATHS = (
					"$(inherited)",
					"@executable_path/Frameworks",
				);
				MARKETING_VERSION = 1.0;
				PRODUCT_BUNDLE_IDENTIFIER = "fxr.VideoComposition-AV";
				PRODUCT_NAME = "$(TARGET_NAME)";
				SWIFT_EMIT_LOC_STRINGS = YES;
				SWIFT_OBJC_BRIDGING_HEADER = "VideoComposition-AV/VideoComposition-AV-Bridging-Header.h";
				SWIFT_VERSION = 5.0;
				TARGETED_DEVICE_FAMILY = "1,2";
			};
			name = Release;
		};
		8E7481872727EB7800B593FF /* Debug */ = {
			isa = XCBuildConfiguration;
			buildSettings = {
				ALWAYS_EMBED_SWIFT_STANDARD_LIBRARIES = YES;
				BUNDLE_LOADER = "$(TEST_HOST)";
				CODE_SIGN_STYLE = Automatic;
				CURRENT_PROJECT_VERSION = 1;
				DEVELOPMENT_TEAM = R45LY736NP;
				GENERATE_INFOPLIST_FILE = YES;
				IPHONEOS_DEPLOYMENT_TARGET = 15.0;
				LD_RUNPATH_SEARCH_PATHS = (
					"$(inherited)",
					"@executable_path/Frameworks",
					"@loader_path/Frameworks",
				);
				MARKETING_VERSION = 1.0;
				PRODUCT_BUNDLE_IDENTIFIER = "fxr.VideoComposition-AVTests";
				PRODUCT_NAME = "$(TARGET_NAME)";
				SWIFT_EMIT_LOC_STRINGS = NO;
				SWIFT_VERSION = 5.0;
				TARGETED_DEVICE_FAMILY = "1,2";
				TEST_HOST = "$(BUILT_PRODUCTS_DIR)/VideoComposition-AV.app/VideoComposition-AV";
			};
			name = Debug;
		};
		8E7481882727EB7800B593FF /* Release */ = {
			isa = XCBuildConfiguration;
			buildSettings = {
				ALWAYS_EMBED_SWIFT_STANDARD_LIBRARIES = YES;
				BUNDLE_LOADER = "$(TEST_HOST)";
				CODE_SIGN_STYLE = Automatic;
				CURRENT_PROJECT_VERSION = 1;
				DEVELOPMENT_TEAM = R45LY736NP;
				GENERATE_INFOPLIST_FILE = YES;
				IPHONEOS_DEPLOYMENT_TARGET = 15.0;
				LD_RUNPATH_SEARCH_PATHS = (
					"$(inherited)",
					"@executable_path/Frameworks",
					"@loader_path/Frameworks",
				);
				MARKETING_VERSION = 1.0;
				PRODUCT_BUNDLE_IDENTIFIER = "fxr.VideoComposition-AVTests";
				PRODUCT_NAME = "$(TARGET_NAME)";
				SWIFT_EMIT_LOC_STRINGS = NO;
				SWIFT_VERSION = 5.0;
				TARGETED_DEVICE_FAMILY = "1,2";
				TEST_HOST = "$(BUILT_PRODUCTS_DIR)/VideoComposition-AV.app/VideoComposition-AV";
			};
			name = Release;
		};
		8E74818A2727EB7800B593FF /* Debug */ = {
			isa = XCBuildConfiguration;
			buildSettings = {
				ALWAYS_EMBED_SWIFT_STANDARD_LIBRARIES = YES;
				CODE_SIGN_STYLE = Automatic;
				CURRENT_PROJECT_VERSION = 1;
				DEVELOPMENT_TEAM = R45LY736NP;
				GENERATE_INFOPLIST_FILE = YES;
				LD_RUNPATH_SEARCH_PATHS = (
					"$(inherited)",
					"@executable_path/Frameworks",
					"@loader_path/Frameworks",
				);
				MARKETING_VERSION = 1.0;
				PRODUCT_BUNDLE_IDENTIFIER = "fxr.VideoComposition-AVUITests";
				PRODUCT_NAME = "$(TARGET_NAME)";
				SWIFT_EMIT_LOC_STRINGS = NO;
				SWIFT_VERSION = 5.0;
				TARGETED_DEVICE_FAMILY = "1,2";
				TEST_TARGET_NAME = "VideoComposition-AV";
			};
			name = Debug;
		};
		8E74818B2727EB7800B593FF /* Release */ = {
			isa = XCBuildConfiguration;
			buildSettings = {
				ALWAYS_EMBED_SWIFT_STANDARD_LIBRARIES = YES;
				CODE_SIGN_STYLE = Automatic;
				CURRENT_PROJECT_VERSION = 1;
				DEVELOPMENT_TEAM = R45LY736NP;
				GENERATE_INFOPLIST_FILE = YES;
				LD_RUNPATH_SEARCH_PATHS = (
					"$(inherited)",
					"@executable_path/Frameworks",
					"@loader_path/Frameworks",
				);
				MARKETING_VERSION = 1.0;
				PRODUCT_BUNDLE_IDENTIFIER = "fxr.VideoComposition-AVUITests";
				PRODUCT_NAME = "$(TARGET_NAME)";
				SWIFT_EMIT_LOC_STRINGS = NO;
				SWIFT_VERSION = 5.0;
				TARGETED_DEVICE_FAMILY = "1,2";
				TEST_TARGET_NAME = "VideoComposition-AV";
			};
			name = Release;
		};
/* End XCBuildConfiguration section */

/* Begin XCConfigurationList section */
		8E7481542727EB7500B593FF /* Build configuration list for PBXProject "VideoComposition-AV" */ = {
			isa = XCConfigurationList;
			buildConfigurations = (
				8E7481812727EB7800B593FF /* Debug */,
				8E7481822727EB7800B593FF /* Release */,
			);
			defaultConfigurationIsVisible = 0;
			defaultConfigurationName = Release;
		};
		8E7481832727EB7800B593FF /* Build configuration list for PBXNativeTarget "VideoComposition-AV" */ = {
			isa = XCConfigurationList;
			buildConfigurations = (
				8E7481842727EB7800B593FF /* Debug */,
				8E7481852727EB7800B593FF /* Release */,
			);
			defaultConfigurationIsVisible = 0;
			defaultConfigurationName = Release;
		};
		8E7481862727EB7800B593FF /* Build configuration list for PBXNativeTarget "VideoComposition-AVTests" */ = {
			isa = XCConfigurationList;
			buildConfigurations = (
				8E7481872727EB7800B593FF /* Debug */,
				8E7481882727EB7800B593FF /* Release */,
			);
			defaultConfigurationIsVisible = 0;
			defaultConfigurationName = Release;
		};
		8E7481892727EB7800B593FF /* Build configuration list for PBXNativeTarget "VideoComposition-AVUITests" */ = {
			isa = XCConfigurationList;
			buildConfigurations = (
				8E74818A2727EB7800B593FF /* Debug */,
				8E74818B2727EB7800B593FF /* Release */,
			);
			defaultConfigurationIsVisible = 0;
			defaultConfigurationName = Release;
		};
/* End XCConfigurationList section */
	};
	rootObject = 8E7481512727EB7500B593FF /* Project object */;
}
